{
    "_meta": {
        "hash": {
            "sha256": "6c89d03a6005b95f384508318a43dc90a6590c19cb0d96791b306bf23d56175d"
        },
        "pipfile-spec": 6,
        "requires": {
            "python_version": "3.7"
        },
        "sources": [
            {
                "name": "pypi",
                "url": "https://pypi.org/simple",
                "verify_ssl": true
            }
        ]
    },
    "default": {
        "et-xmlfile": {
            "hashes": [
                "sha256:614d9722d572f6246302c4491846d2c393c199cfa4edc9af593437691683335b"
            ],
            "version": "==1.0.1"
        },
        "jdcal": {
            "hashes": [
                "sha256:948fb8d079e63b4be7a69dd5f0cd618a0a57e80753de8248fd786a8a20658a07",
                "sha256:ea0a5067c5f0f50ad4c7bdc80abad3d976604f6fb026b0b3a17a9d84bb9046c9"
            ],
            "version": "==1.4"
        },
        "openpyxl": {
            "hashes": [
                "sha256:41eb21a5620343d715b38081536c4ed3c37249afb72e569fd2af93852ed4ddde"
            ],
            "index": "pypi",
            "version": "==2.5.10"
        },
        "zenhan": {
            "hashes": [
                "sha256:45bfe0879afb0faed0d338335e2bce3b249cd250b98d130bb752fe872ba94277"
            ],
            "index": "pypi",
            "version": "==0.5.2"
        }
    },
    "develop": {}
}
